
Microsoft Visual Studio Solution File, Format Version 12.00
Project("{FAE04EC0-301F-11D3-BF4B-00C04F79EFBC}") = "PlatformKit", "PlatformKit.csproj", "{F342367A-019D-4361-9796-0B8C2CC36928}"
EndProject
Project("{FAE04EC0-301F-11D3-BF4B-00C04F79EFBC}") = "PlatformKitTestingApp", "..\PlatformKitTestingApp\PlatformKitTestingApp.csproj", "{DBE618CA-7E9A-4FFB-BF8B-72970258174C}"
EndProject
Project("{FAE04EC0-301F-11D3-BF4B-00C04F79EFBC}") = "PlatformKit.Classic.OSDetection", "..\PlatformKit.Classic.OSDetection\PlatformKit.Classic.OSDetection.csproj", "{E4031265-456F-4D8E-85A6-24457E633733}"
EndProject
Global
	GlobalSection(SolutionConfigurationPlatforms) = preSolution
		Debug|Any CPU = Debug|Any CPU
		Release|Any CPU = Release|Any CPU
	EndGlobalSection
	GlobalSection(ProjectConfigurationPlatforms) = postSolution
		{F342367A-019D-4361-9796-0B8C2CC36928}.Debug|Any CPU.ActiveCfg = Debug|Any CPU
		{F342367A-019D-4361-9796-0B8C2CC36928}.Debug|Any CPU.Build.0 = Debug|Any CPU
		{F342367A-019D-4361-9796-0B8C2CC36928}.Release|Any CPU.ActiveCfg = Release|Any CPU
		{F342367A-019D-4361-9796-0B8C2CC36928}.Release|Any CPU.Build.0 = Release|Any CPU
		{DBE618CA-7E9A-4FFB-BF8B-72970258174C}.Debug|Any CPU.ActiveCfg = Debug|Any CPU
		{DBE618CA-7E9A-4FFB-BF8B-72970258174C}.Debug|Any CPU.Build.0 = Debug|Any CPU
		{DBE618CA-7E9A-4FFB-BF8B-72970258174C}.Release|Any CPU.ActiveCfg = Release|Any CPU
		{DBE618CA-7E9A-4FFB-BF8B-72970258174C}.Release|Any CPU.Build.0 = Release|Any CPU
		{E4031265-456F-4D8E-85A6-24457E633733}.Debug|Any CPU.ActiveCfg = Debug|Any CPU
		{E4031265-456F-4D8E-85A6-24457E633733}.Debug|Any CPU.Build.0 = Debug|Any CPU
		{E4031265-456F-4D8E-85A6-24457E633733}.Release|Any CPU.ActiveCfg = Release|Any CPU
		{E4031265-456F-4D8E-85A6-24457E633733}.Release|Any CPU.Build.0 = Release|Any CPU
	EndGlobalSection
EndGlobal
