
Microsoft Visual Studio Solution File, Format Version 12.00
Project("{FAE04EC0-301F-11D3-BF4B-00C04F79EFBC}") = "PlatformKit", "PlatformKit\PlatformKit.csproj", "{BF2F1909-4F58-4181-B9B3-0B2ADEC9191A}"
EndProject
Project("{FAE04EC0-301F-11D3-BF4B-00C04F79EFBC}") = "PlatformKit.Extensions", "PlatformKit.Extensions\PlatformKit.Extensions.csproj", "{64986782-C7B9-498C-9B75-9DC8C401DF39}"
EndProject
Project("{FAE04EC0-301F-11D3-BF4B-00C04F79EFBC}") = "PlatformKit.Core", "PlatformKit.Core\PlatformKit.Core.csproj", "{4B4B442B-54A9-4E24-B264-2858DB328CB9}"
EndProject
Project("{FAE04EC0-301F-11D3-BF4B-00C04F79EFBC}") = "PlatformKit.Abstractions", "PlatformKit.Abstractions\PlatformKit.Abstractions.csproj", "{045A86EB-C69F-41E3-9ED2-F6C4F93F6590}"
EndProject
Global
	GlobalSection(SolutionConfigurationPlatforms) = preSolution
		Debug|Any CPU = Debug|Any CPU
		Release|Any CPU = Release|Any CPU
	EndGlobalSection
	GlobalSection(ProjectConfigurationPlatforms) = postSolution
		{BF2F1909-4F58-4181-B9B3-0B2ADEC9191A}.Debug|Any CPU.ActiveCfg = Debug|Any CPU
		{BF2F1909-4F58-4181-B9B3-0B2ADEC9191A}.Debug|Any CPU.Build.0 = Debug|Any CPU
		{BF2F1909-4F58-4181-B9B3-0B2ADEC9191A}.Release|Any CPU.ActiveCfg = Release|Any CPU
		{BF2F1909-4F58-4181-B9B3-0B2ADEC9191A}.Release|Any CPU.Build.0 = Release|Any CPU
		{64986782-C7B9-498C-9B75-9DC8C401DF39}.Debug|Any CPU.ActiveCfg = Debug|Any CPU
		{64986782-C7B9-498C-9B75-9DC8C401DF39}.Debug|Any CPU.Build.0 = Debug|Any CPU
		{64986782-C7B9-498C-9B75-9DC8C401DF39}.Release|Any CPU.ActiveCfg = Release|Any CPU
		{64986782-C7B9-498C-9B75-9DC8C401DF39}.Release|Any CPU.Build.0 = Release|Any CPU
		{4B4B442B-54A9-4E24-B264-2858DB328CB9}.Debug|Any CPU.ActiveCfg = Debug|Any CPU
		{4B4B442B-54A9-4E24-B264-2858DB328CB9}.Debug|Any CPU.Build.0 = Debug|Any CPU
		{4B4B442B-54A9-4E24-B264-2858DB328CB9}.Release|Any CPU.ActiveCfg = Release|Any CPU
		{4B4B442B-54A9-4E24-B264-2858DB328CB9}.Release|Any CPU.Build.0 = Release|Any CPU
		{045A86EB-C69F-41E3-9ED2-F6C4F93F6590}.Debug|Any CPU.ActiveCfg = Debug|Any CPU
		{045A86EB-C69F-41E3-9ED2-F6C4F93F6590}.Debug|Any CPU.Build.0 = Debug|Any CPU
		{045A86EB-C69F-41E3-9ED2-F6C4F93F6590}.Release|Any CPU.ActiveCfg = Release|Any CPU
		{045A86EB-C69F-41E3-9ED2-F6C4F93F6590}.Release|Any CPU.Build.0 = Release|Any CPU
	EndGlobalSection
	GlobalSection(NestedProjects) = preSolution
	EndGlobalSection
EndGlobal
