
Microsoft Visual Studio Solution File, Format Version 12.00
Project("{FAE04EC0-301F-11D3-BF4B-00C04F79EFBC}") = "PlatformKit", "PlatformKit\PlatformKit.csproj", "{BF2F1909-4F58-4181-B9B3-0B2ADEC9191A}"
EndProject
Project("{FAE04EC0-301F-11D3-BF4B-00C04F79EFBC}") = "OsCompatLib.Core", "OsCompatLib.Core\OsCompatLib.Core.csproj", "{FC3AE495-7215-4265-B979-CA9DF4971F58}"
EndProject
Project("{FAE04EC0-301F-11D3-BF4B-00C04F79EFBC}") = "OsCompatLib.Windows", "OsCompatLib.Windows\OsCompatLib.Windows.csproj", "{1F1FB513-C3EF-4F94-B098-515444EB72A9}"
EndProject
Project("{FAE04EC0-301F-11D3-BF4B-00C04F79EFBC}") = "OsCompatLib.Mac", "OsCompatLib.Mac\OsCompatLib.Mac.csproj", "{34A03014-05CB-4C73-B922-83510F5B730E}"
EndProject
Global
	GlobalSection(SolutionConfigurationPlatforms) = preSolution
		Debug|Any CPU = Debug|Any CPU
		Release|Any CPU = Release|Any CPU
	EndGlobalSection
	GlobalSection(ProjectConfigurationPlatforms) = postSolution
		{BF2F1909-4F58-4181-B9B3-0B2ADEC9191A}.Debug|Any CPU.ActiveCfg = Debug|Any CPU
		{BF2F1909-4F58-4181-B9B3-0B2ADEC9191A}.Debug|Any CPU.Build.0 = Debug|Any CPU
		{BF2F1909-4F58-4181-B9B3-0B2ADEC9191A}.Release|Any CPU.ActiveCfg = Release|Any CPU
		{BF2F1909-4F58-4181-B9B3-0B2ADEC9191A}.Release|Any CPU.Build.0 = Release|Any CPU
		{FC3AE495-7215-4265-B979-CA9DF4971F58}.Debug|Any CPU.ActiveCfg = Debug|Any CPU
		{FC3AE495-7215-4265-B979-CA9DF4971F58}.Debug|Any CPU.Build.0 = Debug|Any CPU
		{FC3AE495-7215-4265-B979-CA9DF4971F58}.Release|Any CPU.ActiveCfg = Release|Any CPU
		{FC3AE495-7215-4265-B979-CA9DF4971F58}.Release|Any CPU.Build.0 = Release|Any CPU
		{1F1FB513-C3EF-4F94-B098-515444EB72A9}.Debug|Any CPU.ActiveCfg = Debug|Any CPU
		{1F1FB513-C3EF-4F94-B098-515444EB72A9}.Debug|Any CPU.Build.0 = Debug|Any CPU
		{1F1FB513-C3EF-4F94-B098-515444EB72A9}.Release|Any CPU.ActiveCfg = Release|Any CPU
		{1F1FB513-C3EF-4F94-B098-515444EB72A9}.Release|Any CPU.Build.0 = Release|Any CPU
		{34A03014-05CB-4C73-B922-83510F5B730E}.Debug|Any CPU.ActiveCfg = Debug|Any CPU
		{34A03014-05CB-4C73-B922-83510F5B730E}.Debug|Any CPU.Build.0 = Debug|Any CPU
		{34A03014-05CB-4C73-B922-83510F5B730E}.Release|Any CPU.ActiveCfg = Release|Any CPU
		{34A03014-05CB-4C73-B922-83510F5B730E}.Release|Any CPU.Build.0 = Release|Any CPU
	EndGlobalSection
	GlobalSection(NestedProjects) = preSolution
	EndGlobalSection
EndGlobal
